
Microsoft Visual Studio Solution File, Format Version 12.00
# Visual Studio Version 17
VisualStudioVersion = 17.14.37301.10 d17.14
MinimumVisualStudioVersion = 10.0.40219.1
Project("{FAE04EC0-301F-11D3-BF4B-00C04F79EFBC}") = "HomeWorkk", "HomeWorkk\HomeWorkk.csproj", "{732D16E0-96F7-4A70-A6BD-774C92186A1A}"
EndProject
Global
	GlobalSection(SolutionConfigurationPlatforms) = preSolution
		Debug|Any CPU = Debug|Any CPU
		Release|Any CPU = Release|Any CPU
	EndGlobalSection
	GlobalSection(ProjectConfigurationPlatforms) = postSolution
		{732D16E0-96F7-4A70-A6BD-774C92186A1A}.Debug|Any CPU.ActiveCfg = Debug|Any CPU
		{732D16E0-96F7-4A70-A6BD-774C92186A1A}.Debug|Any CPU.Build.0 = Debug|Any CPU
		{732D16E0-96F7-4A70-A6BD-774C92186A1A}.Release|Any CPU.ActiveCfg = Release|Any CPU
		{732D16E0-96F7-4A70-A6BD-774C92186A1A}.Release|Any CPU.Build.0 = Release|Any CPU
	EndGlobalSection
	GlobalSection(SolutionProperties) = preSolution
		HideSolutionNode = FALSE
	EndGlobalSection
	GlobalSection(ExtensibilityGlobals) = postSolution
		SolutionGuid = {F52323DA-9A17-4929-86EF-ABB8E0B6679E}
	EndGlobalSection
EndGlobal
